
Microsoft Visual Studio Solution File, Format Version 12.00
Project("{FAE04EC0-301F-11D3-BF4B-00C04F79EFBC}") = "Prototype1", "Prototype1\Prototype1.csproj", "{7E6260A3-3436-42B0-87F5-D0A2AB22D078}"
EndProject
Global
	GlobalSection(SolutionConfigurationPlatforms) = preSolution
		Debug|Any CPU = Debug|Any CPU
		Release|Any CPU = Release|Any CPU
	EndGlobalSection
	GlobalSection(ProjectConfigurationPlatforms) = postSolution
		{7E6260A3-3436-42B0-87F5-D0A2AB22D078}.Debug|Any CPU.ActiveCfg = Debug|Any CPU
		{7E6260A3-3436-42B0-87F5-D0A2AB22D078}.Debug|Any CPU.Build.0 = Debug|Any CPU
		{7E6260A3-3436-42B0-87F5-D0A2AB22D078}.Release|Any CPU.ActiveCfg = Release|Any CPU
		{7E6260A3-3436-42B0-87F5-D0A2AB22D078}.Release|Any CPU.Build.0 = Release|Any CPU
	EndGlobalSection
EndGlobal
